
Microsoft Visual Studio Solution File, Format Version 12.00
# Visual Studio Version 17
VisualStudioVersion = 17.14.36414.22 d17.14
MinimumVisualStudioVersion = 10.0.40219.1
Project("{FAE04EC0-301F-11D3-BF4B-00C04F79EFBC}") = "pe.com.HyBTextiles.mvc", "pe.com.HyBTextiles.mvc\pe.com.HyBTextiles.mvc.csproj", "{9AB3BD96-B7DF-4089-9501-494DB671351E}"
EndProject
Global
	GlobalSection(SolutionConfigurationPlatforms) = preSolution
		Debug|Any CPU = Debug|Any CPU
		Release|Any CPU = Release|Any CPU
	EndGlobalSection
	GlobalSection(ProjectConfigurationPlatforms) = postSolution
		{9AB3BD96-B7DF-4089-9501-494DB671351E}.Debug|Any CPU.ActiveCfg = Debug|Any CPU
		{9AB3BD96-B7DF-4089-9501-494DB671351E}.Debug|Any CPU.Build.0 = Debug|Any CPU
		{9AB3BD96-B7DF-4089-9501-494DB671351E}.Release|Any CPU.ActiveCfg = Release|Any CPU
		{9AB3BD96-B7DF-4089-9501-494DB671351E}.Release|Any CPU.Build.0 = Release|Any CPU
	EndGlobalSection
	GlobalSection(SolutionProperties) = preSolution
		HideSolutionNode = FALSE
	EndGlobalSection
	GlobalSection(ExtensibilityGlobals) = postSolution
		SolutionGuid = {1BAD25DC-831B-4106-BD68-CF15571089F6}
	EndGlobalSection
EndGlobal
